
Microsoft Visual Studio Solution File, Format Version 12.00
# Visual Studio Version 16
Project("{2150E333-8FDC-42A3-9474-1A3956D46DE8}") = "CMakePredefinedTargets", "CMakePredefinedTargets", "{6C1D16CD-65E3-3AEF-81B4-26D6D81558ED}"
EndProject
Project("{2150E333-8FDC-42A3-9474-1A3956D46DE8}") = "CTestDashboardTargets", "CTestDashboardTargets", "{FAC189F7-358E-3A5A-86E6-71B573203412}"
EndProject
Project("{2150E333-8FDC-42A3-9474-1A3956D46DE8}") = "ext", "ext", "{2D1A6F2D-8560-3574-8173-94761F19FF0C}"
EndProject
Project("{8BC9CEB8-8B4A-11D0-8D11-00A0C91BC942}") = "ALL_BUILD", "ALL_BUILD.vcxproj", "{23B12119-51E4-3823-BE2D-5CCDF6F284EF}"
	ProjectSection(ProjectDependencies) = postProject
		{E789CAA4-6FD9-318E-A2E5-7A9AB13F42BC} = {E789CAA4-6FD9-318E-A2E5-7A9AB13F42BC}
		{C509B871-6DCC-3BD0-B4A2-8CBA6D77714B} = {C509B871-6DCC-3BD0-B4A2-8CBA6D77714B}
		{F15E66C7-3D42-3827-9FB9-459202DA86B5} = {F15E66C7-3D42-3827-9FB9-459202DA86B5}
		{B7D39EF1-1ABC-3DA2-8013-3C6665A6EBFB} = {B7D39EF1-1ABC-3DA2-8013-3C6665A6EBFB}
		{789A0667-5FB5-3717-8A7E-A83A3A0AE63E} = {789A0667-5FB5-3717-8A7E-A83A3A0AE63E}
		{312D5446-709E-32A3-96D4-1E26529E66F7} = {312D5446-709E-32A3-96D4-1E26529E66F7}
		{4CA028D5-A9B1-3F66-9C85-505B04452AE1} = {4CA028D5-A9B1-3F66-9C85-505B04452AE1}
	EndProjectSection
EndProject
Project("{8BC9CEB8-8B4A-11D0-8D11-00A0C91BC942}") = "Continuous", "Continuous.vcxproj", "{AAB5B71D-97D5-3F99-A761-7208AD3C3031}"
	ProjectSection(ProjectDependencies) = postProject
		{C509B871-6DCC-3BD0-B4A2-8CBA6D77714B} = {C509B871-6DCC-3BD0-B4A2-8CBA6D77714B}
	EndProjectSection
EndProject
Project("{8BC9CEB8-8B4A-11D0-8D11-00A0C91BC942}") = "Experimental", "Experimental.vcxproj", "{7AA5710B-6DF9-3174-BDE5-1C7D8837F937}"
	ProjectSection(ProjectDependencies) = postProject
		{C509B871-6DCC-3BD0-B4A2-8CBA6D77714B} = {C509B871-6DCC-3BD0-B4A2-8CBA6D77714B}
	EndProjectSection
EndProject
Project("{8BC9CEB8-8B4A-11D0-8D11-00A0C91BC942}") = "INSTALL", "INSTALL.vcxproj", "{D01699F7-C636-33E7-BC53-0A50D33432AC}"
	ProjectSection(ProjectDependencies) = postProject
		{23B12119-51E4-3823-BE2D-5CCDF6F284EF} = {23B12119-51E4-3823-BE2D-5CCDF6F284EF}
		{C509B871-6DCC-3BD0-B4A2-8CBA6D77714B} = {C509B871-6DCC-3BD0-B4A2-8CBA6D77714B}
	EndProjectSection
EndProject
Project("{8BC9CEB8-8B4A-11D0-8D11-00A0C91BC942}") = "Nightly", "Nightly.vcxproj", "{5C4244A1-F02D-3F62-AA95-633934492CD0}"
	ProjectSection(ProjectDependencies) = postProject
		{C509B871-6DCC-3BD0-B4A2-8CBA6D77714B} = {C509B871-6DCC-3BD0-B4A2-8CBA6D77714B}
	EndProjectSection
EndProject
Project("{8BC9CEB8-8B4A-11D0-8D11-00A0C91BC942}") = "NightlyMemoryCheck", "NightlyMemoryCheck.vcxproj", "{E042FE84-4C3C-32EA-ABB1-ECFC9A9A14BA}"
	ProjectSection(ProjectDependencies) = postProject
		{C509B871-6DCC-3BD0-B4A2-8CBA6D77714B} = {C509B871-6DCC-3BD0-B4A2-8CBA6D77714B}
	EndProjectSection
EndProject
Project("{8BC9CEB8-8B4A-11D0-8D11-00A0C91BC942}") = "PACKAGE", "PACKAGE.vcxproj", "{CA84818D-25FF-379B-BB2D-223483D06B7C}"
	ProjectSection(ProjectDependencies) = postProject
		{23B12119-51E4-3823-BE2D-5CCDF6F284EF} = {23B12119-51E4-3823-BE2D-5CCDF6F284EF}
		{C509B871-6DCC-3BD0-B4A2-8CBA6D77714B} = {C509B871-6DCC-3BD0-B4A2-8CBA6D77714B}
	EndProjectSection
EndProject
Project("{8BC9CEB8-8B4A-11D0-8D11-00A0C91BC942}") = "Ptex_static", "src\ptex\Ptex_static.vcxproj", "{E789CAA4-6FD9-318E-A2E5-7A9AB13F42BC}"
	ProjectSection(ProjectDependencies) = postProject
		{C509B871-6DCC-3BD0-B4A2-8CBA6D77714B} = {C509B871-6DCC-3BD0-B4A2-8CBA6D77714B}
		{44661659-B21F-3616-882A-34A600C33341} = {44661659-B21F-3616-882A-34A600C33341}
	EndProjectSection
EndProject
Project("{8BC9CEB8-8B4A-11D0-8D11-00A0C91BC942}") = "RUN_TESTS", "RUN_TESTS.vcxproj", "{4BACB696-EA0E-3045-A9F6-08E315D5F022}"
	ProjectSection(ProjectDependencies) = postProject
		{C509B871-6DCC-3BD0-B4A2-8CBA6D77714B} = {C509B871-6DCC-3BD0-B4A2-8CBA6D77714B}
	EndProjectSection
EndProject
Project("{8BC9CEB8-8B4A-11D0-8D11-00A0C91BC942}") = "ZERO_CHECK", "..\..\..\\ZERO_CHECK.vcxproj", "{C509B871-6DCC-3BD0-B4A2-8CBA6D77714B}"
	ProjectSection(ProjectDependencies) = postProject
	EndProjectSection
EndProject
Project("{8BC9CEB8-8B4A-11D0-8D11-00A0C91BC942}") = "ftest", "src\tests\ftest.vcxproj", "{F15E66C7-3D42-3827-9FB9-459202DA86B5}"
	ProjectSection(ProjectDependencies) = postProject
		{E789CAA4-6FD9-318E-A2E5-7A9AB13F42BC} = {E789CAA4-6FD9-318E-A2E5-7A9AB13F42BC}
		{C509B871-6DCC-3BD0-B4A2-8CBA6D77714B} = {C509B871-6DCC-3BD0-B4A2-8CBA6D77714B}
		{44661659-B21F-3616-882A-34A600C33341} = {44661659-B21F-3616-882A-34A600C33341}
	EndProjectSection
EndProject
Project("{8BC9CEB8-8B4A-11D0-8D11-00A0C91BC942}") = "halftest", "src\tests\halftest.vcxproj", "{B7D39EF1-1ABC-3DA2-8013-3C6665A6EBFB}"
	ProjectSection(ProjectDependencies) = postProject
		{E789CAA4-6FD9-318E-A2E5-7A9AB13F42BC} = {E789CAA4-6FD9-318E-A2E5-7A9AB13F42BC}
		{C509B871-6DCC-3BD0-B4A2-8CBA6D77714B} = {C509B871-6DCC-3BD0-B4A2-8CBA6D77714B}
		{44661659-B21F-3616-882A-34A600C33341} = {44661659-B21F-3616-882A-34A600C33341}
	EndProjectSection
EndProject
Project("{8BC9CEB8-8B4A-11D0-8D11-00A0C91BC942}") = "ptxinfo", "src\utils\ptxinfo.vcxproj", "{789A0667-5FB5-3717-8A7E-A83A3A0AE63E}"
	ProjectSection(ProjectDependencies) = postProject
		{E789CAA4-6FD9-318E-A2E5-7A9AB13F42BC} = {E789CAA4-6FD9-318E-A2E5-7A9AB13F42BC}
		{C509B871-6DCC-3BD0-B4A2-8CBA6D77714B} = {C509B871-6DCC-3BD0-B4A2-8CBA6D77714B}
		{44661659-B21F-3616-882A-34A600C33341} = {44661659-B21F-3616-882A-34A600C33341}
	EndProjectSection
EndProject
Project("{8BC9CEB8-8B4A-11D0-8D11-00A0C91BC942}") = "rtest", "src\tests\rtest.vcxproj", "{312D5446-709E-32A3-96D4-1E26529E66F7}"
	ProjectSection(ProjectDependencies) = postProject
		{E789CAA4-6FD9-318E-A2E5-7A9AB13F42BC} = {E789CAA4-6FD9-318E-A2E5-7A9AB13F42BC}
		{C509B871-6DCC-3BD0-B4A2-8CBA6D77714B} = {C509B871-6DCC-3BD0-B4A2-8CBA6D77714B}
		{44661659-B21F-3616-882A-34A600C33341} = {44661659-B21F-3616-882A-34A600C33341}
	EndProjectSection
EndProject
Project("{8BC9CEB8-8B4A-11D0-8D11-00A0C91BC942}") = "wtest", "src\tests\wtest.vcxproj", "{4CA028D5-A9B1-3F66-9C85-505B04452AE1}"
	ProjectSection(ProjectDependencies) = postProject
		{E789CAA4-6FD9-318E-A2E5-7A9AB13F42BC} = {E789CAA4-6FD9-318E-A2E5-7A9AB13F42BC}
		{C509B871-6DCC-3BD0-B4A2-8CBA6D77714B} = {C509B871-6DCC-3BD0-B4A2-8CBA6D77714B}
		{44661659-B21F-3616-882A-34A600C33341} = {44661659-B21F-3616-882A-34A600C33341}
	EndProjectSection
EndProject
Project("{8BC9CEB8-8B4A-11D0-8D11-00A0C91BC942}") = "zlibstatic", "..\zlib\zlibstatic.vcxproj", "{44661659-B21F-3616-882A-34A600C33341}"
	ProjectSection(ProjectDependencies) = postProject
		{C509B871-6DCC-3BD0-B4A2-8CBA6D77714B} = {C509B871-6DCC-3BD0-B4A2-8CBA6D77714B}
	EndProjectSection
EndProject
Global
	GlobalSection(SolutionConfigurationPlatforms) = preSolution
		Debug|x64 = Debug|x64
		Release|x64 = Release|x64
		MinSizeRel|x64 = MinSizeRel|x64
		RelWithDebInfo|x64 = RelWithDebInfo|x64
	EndGlobalSection
	GlobalSection(ProjectConfigurationPlatforms) = postSolution
		{23B12119-51E4-3823-BE2D-5CCDF6F284EF}.Debug|x64.ActiveCfg = Debug|x64
		{23B12119-51E4-3823-BE2D-5CCDF6F284EF}.Debug|x64.Build.0 = Debug|x64
		{23B12119-51E4-3823-BE2D-5CCDF6F284EF}.Release|x64.ActiveCfg = Release|x64
		{23B12119-51E4-3823-BE2D-5CCDF6F284EF}.Release|x64.Build.0 = Release|x64
		{23B12119-51E4-3823-BE2D-5CCDF6F284EF}.MinSizeRel|x64.ActiveCfg = MinSizeRel|x64
		{23B12119-51E4-3823-BE2D-5CCDF6F284EF}.MinSizeRel|x64.Build.0 = MinSizeRel|x64
		{23B12119-51E4-3823-BE2D-5CCDF6F284EF}.RelWithDebInfo|x64.ActiveCfg = RelWithDebInfo|x64
		{23B12119-51E4-3823-BE2D-5CCDF6F284EF}.RelWithDebInfo|x64.Build.0 = RelWithDebInfo|x64
		{AAB5B71D-97D5-3F99-A761-7208AD3C3031}.Debug|x64.ActiveCfg = Debug|x64
		{AAB5B71D-97D5-3F99-A761-7208AD3C3031}.Release|x64.ActiveCfg = Release|x64
		{AAB5B71D-97D5-3F99-A761-7208AD3C3031}.MinSizeRel|x64.ActiveCfg = MinSizeRel|x64
		{AAB5B71D-97D5-3F99-A761-7208AD3C3031}.RelWithDebInfo|x64.ActiveCfg = RelWithDebInfo|x64
		{7AA5710B-6DF9-3174-BDE5-1C7D8837F937}.Debug|x64.ActiveCfg = Debug|x64
		{7AA5710B-6DF9-3174-BDE5-1C7D8837F937}.Release|x64.ActiveCfg = Release|x64
		{7AA5710B-6DF9-3174-BDE5-1C7D8837F937}.MinSizeRel|x64.ActiveCfg = MinSizeRel|x64
		{7AA5710B-6DF9-3174-BDE5-1C7D8837F937}.RelWithDebInfo|x64.ActiveCfg = RelWithDebInfo|x64
		{D01699F7-C636-33E7-BC53-0A50D33432AC}.Debug|x64.ActiveCfg = Debug|x64
		{D01699F7-C636-33E7-BC53-0A50D33432AC}.Release|x64.ActiveCfg = Release|x64
		{D01699F7-C636-33E7-BC53-0A50D33432AC}.MinSizeRel|x64.ActiveCfg = MinSizeRel|x64
		{D01699F7-C636-33E7-BC53-0A50D33432AC}.RelWithDebInfo|x64.ActiveCfg = RelWithDebInfo|x64
		{5C4244A1-F02D-3F62-AA95-633934492CD0}.Debug|x64.ActiveCfg = Debug|x64
		{5C4244A1-F02D-3F62-AA95-633934492CD0}.Release|x64.ActiveCfg = Release|x64
		{5C4244A1-F02D-3F62-AA95-633934492CD0}.MinSizeRel|x64.ActiveCfg = MinSizeRel|x64
		{5C4244A1-F02D-3F62-AA95-633934492CD0}.RelWithDebInfo|x64.ActiveCfg = RelWithDebInfo|x64
		{E042FE84-4C3C-32EA-ABB1-ECFC9A9A14BA}.Debug|x64.ActiveCfg = Debug|x64
		{E042FE84-4C3C-32EA-ABB1-ECFC9A9A14BA}.Release|x64.ActiveCfg = Release|x64
		{E042FE84-4C3C-32EA-ABB1-ECFC9A9A14BA}.MinSizeRel|x64.ActiveCfg = MinSizeRel|x64
		{E042FE84-4C3C-32EA-ABB1-ECFC9A9A14BA}.RelWithDebInfo|x64.ActiveCfg = RelWithDebInfo|x64
		{CA84818D-25FF-379B-BB2D-223483D06B7C}.Debug|x64.ActiveCfg = Debug|x64
		{CA84818D-25FF-379B-BB2D-223483D06B7C}.Release|x64.ActiveCfg = Release|x64
		{CA84818D-25FF-379B-BB2D-223483D06B7C}.MinSizeRel|x64.ActiveCfg = MinSizeRel|x64
		{CA84818D-25FF-379B-BB2D-223483D06B7C}.RelWithDebInfo|x64.ActiveCfg = RelWithDebInfo|x64
		{E789CAA4-6FD9-318E-A2E5-7A9AB13F42BC}.Debug|x64.ActiveCfg = Debug|x64
		{E789CAA4-6FD9-318E-A2E5-7A9AB13F42BC}.Debug|x64.Build.0 = Debug|x64
		{E789CAA4-6FD9-318E-A2E5-7A9AB13F42BC}.Release|x64.ActiveCfg = Release|x64
		{E789CAA4-6FD9-318E-A2E5-7A9AB13F42BC}.Release|x64.Build.0 = Release|x64
		{E789CAA4-6FD9-318E-A2E5-7A9AB13F42BC}.MinSizeRel|x64.ActiveCfg = MinSizeRel|x64
		{E789CAA4-6FD9-318E-A2E5-7A9AB13F42BC}.MinSizeRel|x64.Build.0 = MinSizeRel|x64
		{E789CAA4-6FD9-318E-A2E5-7A9AB13F42BC}.RelWithDebInfo|x64.ActiveCfg = RelWithDebInfo|x64
		{E789CAA4-6FD9-318E-A2E5-7A9AB13F42BC}.RelWithDebInfo|x64.Build.0 = RelWithDebInfo|x64
		{4BACB696-EA0E-3045-A9F6-08E315D5F022}.Debug|x64.ActiveCfg = Debug|x64
		{4BACB696-EA0E-3045-A9F6-08E315D5F022}.Release|x64.ActiveCfg = Release|x64
		{4BACB696-EA0E-3045-A9F6-08E315D5F022}.MinSizeRel|x64.ActiveCfg = MinSizeRel|x64
		{4BACB696-EA0E-3045-A9F6-08E315D5F022}.RelWithDebInfo|x64.ActiveCfg = RelWithDebInfo|x64
		{C509B871-6DCC-3BD0-B4A2-8CBA6D77714B}.Debug|x64.ActiveCfg = Debug|x64
		{C509B871-6DCC-3BD0-B4A2-8CBA6D77714B}.Debug|x64.Build.0 = Debug|x64
		{C509B871-6DCC-3BD0-B4A2-8CBA6D77714B}.Release|x64.ActiveCfg = Release|x64
		{C509B871-6DCC-3BD0-B4A2-8CBA6D77714B}.Release|x64.Build.0 = Release|x64
		{C509B871-6DCC-3BD0-B4A2-8CBA6D77714B}.MinSizeRel|x64.ActiveCfg = MinSizeRel|x64
		{C509B871-6DCC-3BD0-B4A2-8CBA6D77714B}.MinSizeRel|x64.Build.0 = MinSizeRel|x64
		{C509B871-6DCC-3BD0-B4A2-8CBA6D77714B}.RelWithDebInfo|x64.ActiveCfg = RelWithDebInfo|x64
		{C509B871-6DCC-3BD0-B4A2-8CBA6D77714B}.RelWithDebInfo|x64.Build.0 = RelWithDebInfo|x64
		{F15E66C7-3D42-3827-9FB9-459202DA86B5}.Debug|x64.ActiveCfg = Debug|x64
		{F15E66C7-3D42-3827-9FB9-459202DA86B5}.Debug|x64.Build.0 = Debug|x64
		{F15E66C7-3D42-3827-9FB9-459202DA86B5}.Release|x64.ActiveCfg = Release|x64
		{F15E66C7-3D42-3827-9FB9-459202DA86B5}.Release|x64.Build.0 = Release|x64
		{F15E66C7-3D42-3827-9FB9-459202DA86B5}.MinSizeRel|x64.ActiveCfg = MinSizeRel|x64
		{F15E66C7-3D42-3827-9FB9-459202DA86B5}.MinSizeRel|x64.Build.0 = MinSizeRel|x64
		{F15E66C7-3D42-3827-9FB9-459202DA86B5}.RelWithDebInfo|x64.ActiveCfg = RelWithDebInfo|x64
		{F15E66C7-3D42-3827-9FB9-459202DA86B5}.RelWithDebInfo|x64.Build.0 = RelWithDebInfo|x64
		{B7D39EF1-1ABC-3DA2-8013-3C6665A6EBFB}.Debug|x64.ActiveCfg = Debug|x64
		{B7D39EF1-1ABC-3DA2-8013-3C6665A6EBFB}.Debug|x64.Build.0 = Debug|x64
		{B7D39EF1-1ABC-3DA2-8013-3C6665A6EBFB}.Release|x64.ActiveCfg = Release|x64
		{B7D39EF1-1ABC-3DA2-8013-3C6665A6EBFB}.Release|x64.Build.0 = Release|x64
		{B7D39EF1-1ABC-3DA2-8013-3C6665A6EBFB}.MinSizeRel|x64.ActiveCfg = MinSizeRel|x64
		{B7D39EF1-1ABC-3DA2-8013-3C6665A6EBFB}.MinSizeRel|x64.Build.0 = MinSizeRel|x64
		{B7D39EF1-1ABC-3DA2-8013-3C6665A6EBFB}.RelWithDebInfo|x64.ActiveCfg = RelWithDebInfo|x64
		{B7D39EF1-1ABC-3DA2-8013-3C6665A6EBFB}.RelWithDebInfo|x64.Build.0 = RelWithDebInfo|x64
		{789A0667-5FB5-3717-8A7E-A83A3A0AE63E}.Debug|x64.ActiveCfg = Debug|x64
		{789A0667-5FB5-3717-8A7E-A83A3A0AE63E}.Debug|x64.Build.0 = Debug|x64
		{789A0667-5FB5-3717-8A7E-A83A3A0AE63E}.Release|x64.ActiveCfg = Release|x64
		{789A0667-5FB5-3717-8A7E-A83A3A0AE63E}.Release|x64.Build.0 = Release|x64
		{789A0667-5FB5-3717-8A7E-A83A3A0AE63E}.MinSizeRel|x64.ActiveCfg = MinSizeRel|x64
		{789A0667-5FB5-3717-8A7E-A83A3A0AE63E}.MinSizeRel|x64.Build.0 = MinSizeRel|x64
		{789A0667-5FB5-3717-8A7E-A83A3A0AE63E}.RelWithDebInfo|x64.ActiveCfg = RelWithDebInfo|x64
		{789A0667-5FB5-3717-8A7E-A83A3A0AE63E}.RelWithDebInfo|x64.Build.0 = RelWithDebInfo|x64
		{312D5446-709E-32A3-96D4-1E26529E66F7}.Debug|x64.ActiveCfg = Debug|x64
		{312D5446-709E-32A3-96D4-1E26529E66F7}.Debug|x64.Build.0 = Debug|x64
		{312D5446-709E-32A3-96D4-1E26529E66F7}.Release|x64.ActiveCfg = Release|x64
		{312D5446-709E-32A3-96D4-1E26529E66F7}.Release|x64.Build.0 = Release|x64
		{312D5446-709E-32A3-96D4-1E26529E66F7}.MinSizeRel|x64.ActiveCfg = MinSizeRel|x64
		{312D5446-709E-32A3-96D4-1E26529E66F7}.MinSizeRel|x64.Build.0 = MinSizeRel|x64
		{312D5446-709E-32A3-96D4-1E26529E66F7}.RelWithDebInfo|x64.ActiveCfg = RelWithDebInfo|x64
		{312D5446-709E-32A3-96D4-1E26529E66F7}.RelWithDebInfo|x64.Build.0 = RelWithDebInfo|x64
		{4CA028D5-A9B1-3F66-9C85-505B04452AE1}.Debug|x64.ActiveCfg = Debug|x64
		{4CA028D5-A9B1-3F66-9C85-505B04452AE1}.Debug|x64.Build.0 = Debug|x64
		{4CA028D5-A9B1-3F66-9C85-505B04452AE1}.Release|x64.ActiveCfg = Release|x64
		{4CA028D5-A9B1-3F66-9C85-505B04452AE1}.Release|x64.Build.0 = Release|x64
		{4CA028D5-A9B1-3F66-9C85-505B04452AE1}.MinSizeRel|x64.ActiveCfg = MinSizeRel|x64
		{4CA028D5-A9B1-3F66-9C85-505B04452AE1}.MinSizeRel|x64.Build.0 = MinSizeRel|x64
		{4CA028D5-A9B1-3F66-9C85-505B04452AE1}.RelWithDebInfo|x64.ActiveCfg = RelWithDebInfo|x64
		{4CA028D5-A9B1-3F66-9C85-505B04452AE1}.RelWithDebInfo|x64.Build.0 = RelWithDebInfo|x64
		{44661659-B21F-3616-882A-34A600C33341}.Debug|x64.ActiveCfg = Debug|x64
		{44661659-B21F-3616-882A-34A600C33341}.Debug|x64.Build.0 = Debug|x64
		{44661659-B21F-3616-882A-34A600C33341}.Release|x64.ActiveCfg = Release|x64
		{44661659-B21F-3616-882A-34A600C33341}.Release|x64.Build.0 = Release|x64
		{44661659-B21F-3616-882A-34A600C33341}.MinSizeRel|x64.ActiveCfg = MinSizeRel|x64
		{44661659-B21F-3616-882A-34A600C33341}.MinSizeRel|x64.Build.0 = MinSizeRel|x64
		{44661659-B21F-3616-882A-34A600C33341}.RelWithDebInfo|x64.ActiveCfg = RelWithDebInfo|x64
		{44661659-B21F-3616-882A-34A600C33341}.RelWithDebInfo|x64.Build.0 = RelWithDebInfo|x64
	EndGlobalSection
	GlobalSection(NestedProjects) = preSolution
		{23B12119-51E4-3823-BE2D-5CCDF6F284EF} = {6C1D16CD-65E3-3AEF-81B4-26D6D81558ED}
		{D01699F7-C636-33E7-BC53-0A50D33432AC} = {6C1D16CD-65E3-3AEF-81B4-26D6D81558ED}
		{CA84818D-25FF-379B-BB2D-223483D06B7C} = {6C1D16CD-65E3-3AEF-81B4-26D6D81558ED}
		{4BACB696-EA0E-3045-A9F6-08E315D5F022} = {6C1D16CD-65E3-3AEF-81B4-26D6D81558ED}
		{C509B871-6DCC-3BD0-B4A2-8CBA6D77714B} = {6C1D16CD-65E3-3AEF-81B4-26D6D81558ED}
		{AAB5B71D-97D5-3F99-A761-7208AD3C3031} = {FAC189F7-358E-3A5A-86E6-71B573203412}
		{7AA5710B-6DF9-3174-BDE5-1C7D8837F937} = {FAC189F7-358E-3A5A-86E6-71B573203412}
		{5C4244A1-F02D-3F62-AA95-633934492CD0} = {FAC189F7-358E-3A5A-86E6-71B573203412}
		{E042FE84-4C3C-32EA-ABB1-ECFC9A9A14BA} = {FAC189F7-358E-3A5A-86E6-71B573203412}
		{E789CAA4-6FD9-318E-A2E5-7A9AB13F42BC} = {2D1A6F2D-8560-3574-8173-94761F19FF0C}
		{F15E66C7-3D42-3827-9FB9-459202DA86B5} = {2D1A6F2D-8560-3574-8173-94761F19FF0C}
		{B7D39EF1-1ABC-3DA2-8013-3C6665A6EBFB} = {2D1A6F2D-8560-3574-8173-94761F19FF0C}
		{789A0667-5FB5-3717-8A7E-A83A3A0AE63E} = {2D1A6F2D-8560-3574-8173-94761F19FF0C}
		{312D5446-709E-32A3-96D4-1E26529E66F7} = {2D1A6F2D-8560-3574-8173-94761F19FF0C}
		{4CA028D5-A9B1-3F66-9C85-505B04452AE1} = {2D1A6F2D-8560-3574-8173-94761F19FF0C}
		{44661659-B21F-3616-882A-34A600C33341} = {2D1A6F2D-8560-3574-8173-94761F19FF0C}
	EndGlobalSection
	GlobalSection(ExtensibilityGlobals) = postSolution
		SolutionGuid = {D8708B43-8E65-3E21-9A94-21B8E0860576}
	EndGlobalSection
	GlobalSection(ExtensibilityAddIns) = postSolution
	EndGlobalSection
EndGlobal
