
Microsoft Visual Studio Solution File, Format Version 12.00
# Visual Studio Version 16
Project("{2150E333-8FDC-42A3-9474-1A3956D46DE8}") = "CMakePredefinedTargets", "CMakePredefinedTargets", "{6C1D16CD-65E3-3AEF-81B4-26D6D81558ED}"
EndProject
Project("{2150E333-8FDC-42A3-9474-1A3956D46DE8}") = "ext", "ext", "{2D1A6F2D-8560-3574-8173-94761F19FF0C}"
EndProject
Project("{8BC9CEB8-8B4A-11D0-8D11-00A0C91BC942}") = "ALL_BUILD", "ALL_BUILD.vcxproj", "{23B12119-51E4-3823-BE2D-5CCDF6F284EF}"
	ProjectSection(ProjectDependencies) = postProject
		{C509B871-6DCC-3BD0-B4A2-8CBA6D77714B} = {C509B871-6DCC-3BD0-B4A2-8CBA6D77714B}
		{0F616498-1FC1-365B-890C-E7032B55281C} = {0F616498-1FC1-365B-890C-E7032B55281C}
		{18C0DFCB-3EB5-315C-85A9-31B3C104DC74} = {18C0DFCB-3EB5-315C-85A9-31B3C104DC74}
		{0749FEE2-B421-3B03-89F6-D38BF4BD98FD} = {0749FEE2-B421-3B03-89F6-D38BF4BD98FD}
		{A2E67D9E-D1A6-382B-9774-1E7238F7221D} = {A2E67D9E-D1A6-382B-9774-1E7238F7221D}
		{790E5920-7882-3BF6-B1D5-244A35CCE2DD} = {790E5920-7882-3BF6-B1D5-244A35CCE2DD}
	EndProjectSection
EndProject
Project("{8BC9CEB8-8B4A-11D0-8D11-00A0C91BC942}") = "INSTALL", "INSTALL.vcxproj", "{D01699F7-C636-33E7-BC53-0A50D33432AC}"
	ProjectSection(ProjectDependencies) = postProject
		{23B12119-51E4-3823-BE2D-5CCDF6F284EF} = {23B12119-51E4-3823-BE2D-5CCDF6F284EF}
		{C509B871-6DCC-3BD0-B4A2-8CBA6D77714B} = {C509B871-6DCC-3BD0-B4A2-8CBA6D77714B}
	EndProjectSection
EndProject
Project("{8BC9CEB8-8B4A-11D0-8D11-00A0C91BC942}") = "PACKAGE", "PACKAGE.vcxproj", "{CA84818D-25FF-379B-BB2D-223483D06B7C}"
	ProjectSection(ProjectDependencies) = postProject
		{23B12119-51E4-3823-BE2D-5CCDF6F284EF} = {23B12119-51E4-3823-BE2D-5CCDF6F284EF}
		{C509B871-6DCC-3BD0-B4A2-8CBA6D77714B} = {C509B871-6DCC-3BD0-B4A2-8CBA6D77714B}
	EndProjectSection
EndProject
Project("{8BC9CEB8-8B4A-11D0-8D11-00A0C91BC942}") = "RUN_TESTS", "RUN_TESTS.vcxproj", "{4BACB696-EA0E-3045-A9F6-08E315D5F022}"
	ProjectSection(ProjectDependencies) = postProject
		{C509B871-6DCC-3BD0-B4A2-8CBA6D77714B} = {C509B871-6DCC-3BD0-B4A2-8CBA6D77714B}
	EndProjectSection
EndProject
Project("{8BC9CEB8-8B4A-11D0-8D11-00A0C91BC942}") = "ZERO_CHECK", "..\..\..\\ZERO_CHECK.vcxproj", "{C509B871-6DCC-3BD0-B4A2-8CBA6D77714B}"
	ProjectSection(ProjectDependencies) = postProject
	EndProjectSection
EndProject
Project("{8BC9CEB8-8B4A-11D0-8D11-00A0C91BC942}") = "demangle_unittest", "demangle_unittest.vcxproj", "{0F616498-1FC1-365B-890C-E7032B55281C}"
	ProjectSection(ProjectDependencies) = postProject
		{C509B871-6DCC-3BD0-B4A2-8CBA6D77714B} = {C509B871-6DCC-3BD0-B4A2-8CBA6D77714B}
		{18C0DFCB-3EB5-315C-85A9-31B3C104DC74} = {18C0DFCB-3EB5-315C-85A9-31B3C104DC74}
	EndProjectSection
EndProject
Project("{8BC9CEB8-8B4A-11D0-8D11-00A0C91BC942}") = "glog", "glog.vcxproj", "{18C0DFCB-3EB5-315C-85A9-31B3C104DC74}"
	ProjectSection(ProjectDependencies) = postProject
		{C509B871-6DCC-3BD0-B4A2-8CBA6D77714B} = {C509B871-6DCC-3BD0-B4A2-8CBA6D77714B}
	EndProjectSection
EndProject
Project("{8BC9CEB8-8B4A-11D0-8D11-00A0C91BC942}") = "logging_unittest", "logging_unittest.vcxproj", "{0749FEE2-B421-3B03-89F6-D38BF4BD98FD}"
	ProjectSection(ProjectDependencies) = postProject
		{C509B871-6DCC-3BD0-B4A2-8CBA6D77714B} = {C509B871-6DCC-3BD0-B4A2-8CBA6D77714B}
		{18C0DFCB-3EB5-315C-85A9-31B3C104DC74} = {18C0DFCB-3EB5-315C-85A9-31B3C104DC74}
	EndProjectSection
EndProject
Project("{8BC9CEB8-8B4A-11D0-8D11-00A0C91BC942}") = "stl_logging_unittest", "stl_logging_unittest.vcxproj", "{A2E67D9E-D1A6-382B-9774-1E7238F7221D}"
	ProjectSection(ProjectDependencies) = postProject
		{C509B871-6DCC-3BD0-B4A2-8CBA6D77714B} = {C509B871-6DCC-3BD0-B4A2-8CBA6D77714B}
		{18C0DFCB-3EB5-315C-85A9-31B3C104DC74} = {18C0DFCB-3EB5-315C-85A9-31B3C104DC74}
	EndProjectSection
EndProject
Project("{8BC9CEB8-8B4A-11D0-8D11-00A0C91BC942}") = "utilities_unittest", "utilities_unittest.vcxproj", "{790E5920-7882-3BF6-B1D5-244A35CCE2DD}"
	ProjectSection(ProjectDependencies) = postProject
		{C509B871-6DCC-3BD0-B4A2-8CBA6D77714B} = {C509B871-6DCC-3BD0-B4A2-8CBA6D77714B}
		{18C0DFCB-3EB5-315C-85A9-31B3C104DC74} = {18C0DFCB-3EB5-315C-85A9-31B3C104DC74}
	EndProjectSection
EndProject
Global
	GlobalSection(SolutionConfigurationPlatforms) = preSolution
		Debug|x64 = Debug|x64
		Release|x64 = Release|x64
		MinSizeRel|x64 = MinSizeRel|x64
		RelWithDebInfo|x64 = RelWithDebInfo|x64
	EndGlobalSection
	GlobalSection(ProjectConfigurationPlatforms) = postSolution
		{23B12119-51E4-3823-BE2D-5CCDF6F284EF}.Debug|x64.ActiveCfg = Debug|x64
		{23B12119-51E4-3823-BE2D-5CCDF6F284EF}.Debug|x64.Build.0 = Debug|x64
		{23B12119-51E4-3823-BE2D-5CCDF6F284EF}.Release|x64.ActiveCfg = Release|x64
		{23B12119-51E4-3823-BE2D-5CCDF6F284EF}.Release|x64.Build.0 = Release|x64
		{23B12119-51E4-3823-BE2D-5CCDF6F284EF}.MinSizeRel|x64.ActiveCfg = MinSizeRel|x64
		{23B12119-51E4-3823-BE2D-5CCDF6F284EF}.MinSizeRel|x64.Build.0 = MinSizeRel|x64
		{23B12119-51E4-3823-BE2D-5CCDF6F284EF}.RelWithDebInfo|x64.ActiveCfg = RelWithDebInfo|x64
		{23B12119-51E4-3823-BE2D-5CCDF6F284EF}.RelWithDebInfo|x64.Build.0 = RelWithDebInfo|x64
		{D01699F7-C636-33E7-BC53-0A50D33432AC}.Debug|x64.ActiveCfg = Debug|x64
		{D01699F7-C636-33E7-BC53-0A50D33432AC}.Release|x64.ActiveCfg = Release|x64
		{D01699F7-C636-33E7-BC53-0A50D33432AC}.MinSizeRel|x64.ActiveCfg = MinSizeRel|x64
		{D01699F7-C636-33E7-BC53-0A50D33432AC}.RelWithDebInfo|x64.ActiveCfg = RelWithDebInfo|x64
		{CA84818D-25FF-379B-BB2D-223483D06B7C}.Debug|x64.ActiveCfg = Debug|x64
		{CA84818D-25FF-379B-BB2D-223483D06B7C}.Release|x64.ActiveCfg = Release|x64
		{CA84818D-25FF-379B-BB2D-223483D06B7C}.MinSizeRel|x64.ActiveCfg = MinSizeRel|x64
		{CA84818D-25FF-379B-BB2D-223483D06B7C}.RelWithDebInfo|x64.ActiveCfg = RelWithDebInfo|x64
		{4BACB696-EA0E-3045-A9F6-08E315D5F022}.Debug|x64.ActiveCfg = Debug|x64
		{4BACB696-EA0E-3045-A9F6-08E315D5F022}.Release|x64.ActiveCfg = Release|x64
		{4BACB696-EA0E-3045-A9F6-08E315D5F022}.MinSizeRel|x64.ActiveCfg = MinSizeRel|x64
		{4BACB696-EA0E-3045-A9F6-08E315D5F022}.RelWithDebInfo|x64.ActiveCfg = RelWithDebInfo|x64
		{C509B871-6DCC-3BD0-B4A2-8CBA6D77714B}.Debug|x64.ActiveCfg = Debug|x64
		{C509B871-6DCC-3BD0-B4A2-8CBA6D77714B}.Debug|x64.Build.0 = Debug|x64
		{C509B871-6DCC-3BD0-B4A2-8CBA6D77714B}.Release|x64.ActiveCfg = Release|x64
		{C509B871-6DCC-3BD0-B4A2-8CBA6D77714B}.Release|x64.Build.0 = Release|x64
		{C509B871-6DCC-3BD0-B4A2-8CBA6D77714B}.MinSizeRel|x64.ActiveCfg = MinSizeRel|x64
		{C509B871-6DCC-3BD0-B4A2-8CBA6D77714B}.MinSizeRel|x64.Build.0 = MinSizeRel|x64
		{C509B871-6DCC-3BD0-B4A2-8CBA6D77714B}.RelWithDebInfo|x64.ActiveCfg = RelWithDebInfo|x64
		{C509B871-6DCC-3BD0-B4A2-8CBA6D77714B}.RelWithDebInfo|x64.Build.0 = RelWithDebInfo|x64
		{0F616498-1FC1-365B-890C-E7032B55281C}.Debug|x64.ActiveCfg = Debug|x64
		{0F616498-1FC1-365B-890C-E7032B55281C}.Debug|x64.Build.0 = Debug|x64
		{0F616498-1FC1-365B-890C-E7032B55281C}.Release|x64.ActiveCfg = Release|x64
		{0F616498-1FC1-365B-890C-E7032B55281C}.Release|x64.Build.0 = Release|x64
		{0F616498-1FC1-365B-890C-E7032B55281C}.MinSizeRel|x64.ActiveCfg = MinSizeRel|x64
		{0F616498-1FC1-365B-890C-E7032B55281C}.MinSizeRel|x64.Build.0 = MinSizeRel|x64
		{0F616498-1FC1-365B-890C-E7032B55281C}.RelWithDebInfo|x64.ActiveCfg = RelWithDebInfo|x64
		{0F616498-1FC1-365B-890C-E7032B55281C}.RelWithDebInfo|x64.Build.0 = RelWithDebInfo|x64
		{18C0DFCB-3EB5-315C-85A9-31B3C104DC74}.Debug|x64.ActiveCfg = Debug|x64
		{18C0DFCB-3EB5-315C-85A9-31B3C104DC74}.Debug|x64.Build.0 = Debug|x64
		{18C0DFCB-3EB5-315C-85A9-31B3C104DC74}.Release|x64.ActiveCfg = Release|x64
		{18C0DFCB-3EB5-315C-85A9-31B3C104DC74}.Release|x64.Build.0 = Release|x64
		{18C0DFCB-3EB5-315C-85A9-31B3C104DC74}.MinSizeRel|x64.ActiveCfg = MinSizeRel|x64
		{18C0DFCB-3EB5-315C-85A9-31B3C104DC74}.MinSizeRel|x64.Build.0 = MinSizeRel|x64
		{18C0DFCB-3EB5-315C-85A9-31B3C104DC74}.RelWithDebInfo|x64.ActiveCfg = RelWithDebInfo|x64
		{18C0DFCB-3EB5-315C-85A9-31B3C104DC74}.RelWithDebInfo|x64.Build.0 = RelWithDebInfo|x64
		{0749FEE2-B421-3B03-89F6-D38BF4BD98FD}.Debug|x64.ActiveCfg = Debug|x64
		{0749FEE2-B421-3B03-89F6-D38BF4BD98FD}.Debug|x64.Build.0 = Debug|x64
		{0749FEE2-B421-3B03-89F6-D38BF4BD98FD}.Release|x64.ActiveCfg = Release|x64
		{0749FEE2-B421-3B03-89F6-D38BF4BD98FD}.Release|x64.Build.0 = Release|x64
		{0749FEE2-B421-3B03-89F6-D38BF4BD98FD}.MinSizeRel|x64.ActiveCfg = MinSizeRel|x64
		{0749FEE2-B421-3B03-89F6-D38BF4BD98FD}.MinSizeRel|x64.Build.0 = MinSizeRel|x64
		{0749FEE2-B421-3B03-89F6-D38BF4BD98FD}.RelWithDebInfo|x64.ActiveCfg = RelWithDebInfo|x64
		{0749FEE2-B421-3B03-89F6-D38BF4BD98FD}.RelWithDebInfo|x64.Build.0 = RelWithDebInfo|x64
		{A2E67D9E-D1A6-382B-9774-1E7238F7221D}.Debug|x64.ActiveCfg = Debug|x64
		{A2E67D9E-D1A6-382B-9774-1E7238F7221D}.Debug|x64.Build.0 = Debug|x64
		{A2E67D9E-D1A6-382B-9774-1E7238F7221D}.Release|x64.ActiveCfg = Release|x64
		{A2E67D9E-D1A6-382B-9774-1E7238F7221D}.Release|x64.Build.0 = Release|x64
		{A2E67D9E-D1A6-382B-9774-1E7238F7221D}.MinSizeRel|x64.ActiveCfg = MinSizeRel|x64
		{A2E67D9E-D1A6-382B-9774-1E7238F7221D}.MinSizeRel|x64.Build.0 = MinSizeRel|x64
		{A2E67D9E-D1A6-382B-9774-1E7238F7221D}.RelWithDebInfo|x64.ActiveCfg = RelWithDebInfo|x64
		{A2E67D9E-D1A6-382B-9774-1E7238F7221D}.RelWithDebInfo|x64.Build.0 = RelWithDebInfo|x64
		{790E5920-7882-3BF6-B1D5-244A35CCE2DD}.Debug|x64.ActiveCfg = Debug|x64
		{790E5920-7882-3BF6-B1D5-244A35CCE2DD}.Debug|x64.Build.0 = Debug|x64
		{790E5920-7882-3BF6-B1D5-244A35CCE2DD}.Release|x64.ActiveCfg = Release|x64
		{790E5920-7882-3BF6-B1D5-244A35CCE2DD}.Release|x64.Build.0 = Release|x64
		{790E5920-7882-3BF6-B1D5-244A35CCE2DD}.MinSizeRel|x64.ActiveCfg = MinSizeRel|x64
		{790E5920-7882-3BF6-B1D5-244A35CCE2DD}.MinSizeRel|x64.Build.0 = MinSizeRel|x64
		{790E5920-7882-3BF6-B1D5-244A35CCE2DD}.RelWithDebInfo|x64.ActiveCfg = RelWithDebInfo|x64
		{790E5920-7882-3BF6-B1D5-244A35CCE2DD}.RelWithDebInfo|x64.Build.0 = RelWithDebInfo|x64
	EndGlobalSection
	GlobalSection(NestedProjects) = preSolution
		{23B12119-51E4-3823-BE2D-5CCDF6F284EF} = {6C1D16CD-65E3-3AEF-81B4-26D6D81558ED}
		{D01699F7-C636-33E7-BC53-0A50D33432AC} = {6C1D16CD-65E3-3AEF-81B4-26D6D81558ED}
		{CA84818D-25FF-379B-BB2D-223483D06B7C} = {6C1D16CD-65E3-3AEF-81B4-26D6D81558ED}
		{4BACB696-EA0E-3045-A9F6-08E315D5F022} = {6C1D16CD-65E3-3AEF-81B4-26D6D81558ED}
		{C509B871-6DCC-3BD0-B4A2-8CBA6D77714B} = {6C1D16CD-65E3-3AEF-81B4-26D6D81558ED}
		{0F616498-1FC1-365B-890C-E7032B55281C} = {2D1A6F2D-8560-3574-8173-94761F19FF0C}
		{18C0DFCB-3EB5-315C-85A9-31B3C104DC74} = {2D1A6F2D-8560-3574-8173-94761F19FF0C}
		{0749FEE2-B421-3B03-89F6-D38BF4BD98FD} = {2D1A6F2D-8560-3574-8173-94761F19FF0C}
		{A2E67D9E-D1A6-382B-9774-1E7238F7221D} = {2D1A6F2D-8560-3574-8173-94761F19FF0C}
		{790E5920-7882-3BF6-B1D5-244A35CCE2DD} = {2D1A6F2D-8560-3574-8173-94761F19FF0C}
	EndGlobalSection
	GlobalSection(ExtensibilityGlobals) = postSolution
		SolutionGuid = {9B9D89C7-37CB-3E5C-94D9-720A6F070088}
	EndGlobalSection
	GlobalSection(ExtensibilityAddIns) = postSolution
	EndGlobalSection
EndGlobal
